
Microsoft Visual Studio Solution File, Format Version 12.00
# Visual Studio 2013
VisualStudioVersion = 12.0.30723.0
MinimumVisualStudioVersion = 10.0.40219.1
Project("{FAE04EC0-301F-11D3-BF4B-00C04F79EFBC}") = "Exam.Web", "Exam.Web\Exam.Web.csproj", "{665AD4AD-DE37-4BFD-8689-AEBA494F9DC0}"
EndProject
Project("{FAE04EC0-301F-11D3-BF4B-00C04F79EFBC}") = "Exam.Models", "Exam.Models\Exam.Models.csproj", "{8DF0244A-48FA-4FD9-A545-9B6E39F846C1}"
EndProject
Project("{FAE04EC0-301F-11D3-BF4B-00C04F79EFBC}") = "Exam.Data", "Exam.Data\Exam.Data.csproj", "{1B298152-3C6D-43D7-A0A5-C7E377B0E13C}"
EndProject
Global
	GlobalSection(SolutionConfigurationPlatforms) = preSolution
		Debug|Any CPU = Debug|Any CPU
		Release|Any CPU = Release|Any CPU
	EndGlobalSection
	GlobalSection(ProjectConfigurationPlatforms) = postSolution
		{665AD4AD-DE37-4BFD-8689-AEBA494F9DC0}.Debug|Any CPU.ActiveCfg = Debug|Any CPU
		{665AD4AD-DE37-4BFD-8689-AEBA494F9DC0}.Debug|Any CPU.Build.0 = Debug|Any CPU
		{665AD4AD-DE37-4BFD-8689-AEBA494F9DC0}.Release|Any CPU.ActiveCfg = Release|Any CPU
		{665AD4AD-DE37-4BFD-8689-AEBA494F9DC0}.Release|Any CPU.Build.0 = Release|Any CPU
		{8DF0244A-48FA-4FD9-A545-9B6E39F846C1}.Debug|Any CPU.ActiveCfg = Debug|Any CPU
		{8DF0244A-48FA-4FD9-A545-9B6E39F846C1}.Debug|Any CPU.Build.0 = Debug|Any CPU
		{8DF0244A-48FA-4FD9-A545-9B6E39F846C1}.Release|Any CPU.ActiveCfg = Release|Any CPU
		{8DF0244A-48FA-4FD9-A545-9B6E39F846C1}.Release|Any CPU.Build.0 = Release|Any CPU
		{1B298152-3C6D-43D7-A0A5-C7E377B0E13C}.Debug|Any CPU.ActiveCfg = Debug|Any CPU
		{1B298152-3C6D-43D7-A0A5-C7E377B0E13C}.Debug|Any CPU.Build.0 = Debug|Any CPU
		{1B298152-3C6D-43D7-A0A5-C7E377B0E13C}.Release|Any CPU.ActiveCfg = Release|Any CPU
		{1B298152-3C6D-43D7-A0A5-C7E377B0E13C}.Release|Any CPU.Build.0 = Release|Any CPU
	EndGlobalSection
	GlobalSection(SolutionProperties) = preSolution
		HideSolutionNode = FALSE
	EndGlobalSection
EndGlobal
